
Microsoft Visual Studio Solution File, Format Version 12.00
# Visual Studio Version 17
VisualStudioVersion = 17.8.34330.188
MinimumVisualStudioVersion = 10.0.40219.1
Project("{FAE04EC0-301F-11D3-BF4B-00C04F79EFBC}") = "ClientesSmartHint", "ClientesSmartHint\ClientesSmartHint.csproj", "{7BB62D52-C289-4CEA-B2CD-9961B78E5AB8}"
EndProject
Project("{FAE04EC0-301F-11D3-BF4B-00C04F79EFBC}") = "SistemaSmartHint", "SistemaSmartHint\SistemaSmartHint.csproj", "{8AFC80EC-B96F-496E-B8CE-8D11BF210CF1}"
EndProject
Global
	GlobalSection(SolutionConfigurationPlatforms) = preSolution
		Debug|Any CPU = Debug|Any CPU
		Release|Any CPU = Release|Any CPU
	EndGlobalSection
	GlobalSection(ProjectConfigurationPlatforms) = postSolution
		{7BB62D52-C289-4CEA-B2CD-9961B78E5AB8}.Debug|Any CPU.ActiveCfg = Debug|Any CPU
		{7BB62D52-C289-4CEA-B2CD-9961B78E5AB8}.Debug|Any CPU.Build.0 = Debug|Any CPU
		{7BB62D52-C289-4CEA-B2CD-9961B78E5AB8}.Release|Any CPU.ActiveCfg = Release|Any CPU
		{7BB62D52-C289-4CEA-B2CD-9961B78E5AB8}.Release|Any CPU.Build.0 = Release|Any CPU
		{8AFC80EC-B96F-496E-B8CE-8D11BF210CF1}.Debug|Any CPU.ActiveCfg = Debug|Any CPU
		{8AFC80EC-B96F-496E-B8CE-8D11BF210CF1}.Debug|Any CPU.Build.0 = Debug|Any CPU
		{8AFC80EC-B96F-496E-B8CE-8D11BF210CF1}.Release|Any CPU.ActiveCfg = Release|Any CPU
		{8AFC80EC-B96F-496E-B8CE-8D11BF210CF1}.Release|Any CPU.Build.0 = Release|Any CPU
	EndGlobalSection
	GlobalSection(SolutionProperties) = preSolution
		HideSolutionNode = FALSE
	EndGlobalSection
	GlobalSection(ExtensibilityGlobals) = postSolution
		SolutionGuid = {A18EF364-A7CF-4C81-9B4C-5E7AB096D448}
	EndGlobalSection
EndGlobal
